
Microsoft Visual Studio Solution File, Format Version 12.00
# Visual Studio 2013
VisualStudioVersion = 12.0.40629.0
MinimumVisualStudioVersion = 10.0.40219.1
Project("{FAE04EC0-301F-11D3-BF4B-00C04F79EFBC}") = "RavenDB.Unit.Tests", "RavenDB.Unit.Tests\RavenDB.Unit.Tests.csproj", "{49C1A007-262A-4D4A-BC0A-57AF07F87816}"
EndProject
Global
	GlobalSection(SolutionConfigurationPlatforms) = preSolution
		Debug|Any CPU = Debug|Any CPU
		Release|Any CPU = Release|Any CPU
	EndGlobalSection
	GlobalSection(ProjectConfigurationPlatforms) = postSolution
		{49C1A007-262A-4D4A-BC0A-57AF07F87816}.Debug|Any CPU.ActiveCfg = Debug|Any CPU
		{49C1A007-262A-4D4A-BC0A-57AF07F87816}.Debug|Any CPU.Build.0 = Debug|Any CPU
		{49C1A007-262A-4D4A-BC0A-57AF07F87816}.Release|Any CPU.ActiveCfg = Release|Any CPU
		{49C1A007-262A-4D4A-BC0A-57AF07F87816}.Release|Any CPU.Build.0 = Release|Any CPU
	EndGlobalSection
	GlobalSection(SolutionProperties) = preSolution
		HideSolutionNode = FALSE
	EndGlobalSection
EndGlobal
